
Microsoft Visual Studio Solution File, Format Version 12.00
# Visual Studio Version 16
VisualStudioVersion = 16.0.29326.143
MinimumVisualStudioVersion = 10.0.40219.1
Project("{FAE04EC0-301F-11D3-BF4B-00C04F79EFBC}") = "ManagerFile", "ManagerFile\ManagerFile.csproj", "{76C7CC77-D5F1-4194-9EB3-1BE6DFCACCC8}"
EndProject
Global
	GlobalSection(SolutionConfigurationPlatforms) = preSolution
		Debug|Any CPU = Debug|Any CPU
		Release|Any CPU = Release|Any CPU
	EndGlobalSection
	GlobalSection(ProjectConfigurationPlatforms) = postSolution
		{76C7CC77-D5F1-4194-9EB3-1BE6DFCACCC8}.Debug|Any CPU.ActiveCfg = Debug|Any CPU
		{76C7CC77-D5F1-4194-9EB3-1BE6DFCACCC8}.Debug|Any CPU.Build.0 = Debug|Any CPU
		{76C7CC77-D5F1-4194-9EB3-1BE6DFCACCC8}.Release|Any CPU.ActiveCfg = Release|Any CPU
		{76C7CC77-D5F1-4194-9EB3-1BE6DFCACCC8}.Release|Any CPU.Build.0 = Release|Any CPU
	EndGlobalSection
	GlobalSection(SolutionProperties) = preSolution
		HideSolutionNode = FALSE
	EndGlobalSection
	GlobalSection(ExtensibilityGlobals) = postSolution
		SolutionGuid = {0A710DA8-EE60-4934-8D2E-24532274CF4E}
	EndGlobalSection
EndGlobal
